
Microsoft Visual Studio Solution File, Format Version 12.00
# Visual Studio Version 16
VisualStudioVersion = 16.0.31112.23
MinimumVisualStudioVersion = 10.0.40219.1
Project("{FAE04EC0-301F-11D3-BF4B-00C04F79EFBC}") = "TiendasDF", "TiendasDF\TiendasDF.csproj", "{7F0428DA-B931-465B-A99C-2506D4E875D6}"
	ProjectSection(ProjectDependencies) = postProject
		{FDCF8DE3-8CBA-49AA-B6C1-E45E3CA4CC5E} = {FDCF8DE3-8CBA-49AA-B6C1-E45E3CA4CC5E}
	EndProjectSection
EndProject
Project("{FAE04EC0-301F-11D3-BF4B-00C04F79EFBC}") = "WebService", "WebService\WebService.csproj", "{FDCF8DE3-8CBA-49AA-B6C1-E45E3CA4CC5E}"
EndProject
Global
	GlobalSection(SolutionConfigurationPlatforms) = preSolution
		Debug|Any CPU = Debug|Any CPU
		Release|Any CPU = Release|Any CPU
	EndGlobalSection
	GlobalSection(ProjectConfigurationPlatforms) = postSolution
		{7F0428DA-B931-465B-A99C-2506D4E875D6}.Debug|Any CPU.ActiveCfg = Debug|Any CPU
		{7F0428DA-B931-465B-A99C-2506D4E875D6}.Debug|Any CPU.Build.0 = Debug|Any CPU
		{7F0428DA-B931-465B-A99C-2506D4E875D6}.Release|Any CPU.ActiveCfg = Release|Any CPU
		{7F0428DA-B931-465B-A99C-2506D4E875D6}.Release|Any CPU.Build.0 = Release|Any CPU
		{FDCF8DE3-8CBA-49AA-B6C1-E45E3CA4CC5E}.Debug|Any CPU.ActiveCfg = Debug|Any CPU
		{FDCF8DE3-8CBA-49AA-B6C1-E45E3CA4CC5E}.Debug|Any CPU.Build.0 = Debug|Any CPU
		{FDCF8DE3-8CBA-49AA-B6C1-E45E3CA4CC5E}.Release|Any CPU.ActiveCfg = Release|Any CPU
		{FDCF8DE3-8CBA-49AA-B6C1-E45E3CA4CC5E}.Release|Any CPU.Build.0 = Release|Any CPU
	EndGlobalSection
	GlobalSection(SolutionProperties) = preSolution
		HideSolutionNode = FALSE
	EndGlobalSection
	GlobalSection(ExtensibilityGlobals) = postSolution
		SolutionGuid = {A8057DAE-7D3B-4F31-A396-D46BCA0868C1}
	EndGlobalSection
EndGlobal
